
Microsoft Visual Studio Solution File, Format Version 12.00
# Visual Studio Version 17
VisualStudioVersion = 17.0.31903.59
MinimumVisualStudioVersion = 10.0.40219.1
Project("{2150E333-8FDC-42A3-9474-1A3956D46DE8}") = "src", "src", "{827E0CD3-B72D-47B6-A68D-7590B98EB39B}"
EndProject
Project("{FAE04EC0-301F-11D3-BF4B-00C04F79EFBC}") = "Expenses.Desktop.Core", "src\Expenses.Desktop.Core\Expenses.Desktop.Core.csproj", "{5CC42FAD-B7ED-4391-BDD1-01A9590EF486}"
EndProject
Project("{FAE04EC0-301F-11D3-BF4B-00C04F79EFBC}") = "Expenses.Desktop", "src\Expenses.Desktop\Expenses.Desktop.csproj", "{8F5555A4-478C-43BB-A203-960DE61105FD}"
EndProject
Project("{2150E333-8FDC-42A3-9474-1A3956D46DE8}") = "tests", "tests", "{0AB3BF05-4346-4AA6-1389-037BE0695223}"
EndProject
Project("{FAE04EC0-301F-11D3-BF4B-00C04F79EFBC}") = "Expenses.Desktop.Core.Tests", "tests\Expenses.Desktop.Core.Tests\Expenses.Desktop.Core.Tests.csproj", "{9948C891-F97A-4ACD-BE6A-1F8AE1B78C3A}"
EndProject
Project("{FAE04EC0-301F-11D3-BF4B-00C04F79EFBC}") = "Expenses.Desktop.UI.Tests", "tests\Expenses.Desktop.UI.Tests\Expenses.Desktop.UI.Tests.csproj", "{00F1E47B-4617-4454-9110-B06333763CA0}"
EndProject
Project("{FAE04EC0-301F-11D3-BF4B-00C04F79EFBC}") = "Expenses.Desktop.E2E.Tests", "tests\Expenses.Desktop.E2E.Tests\Expenses.Desktop.E2E.Tests.csproj", "{75B03CD7-13AF-48B6-86C4-A25DAA6183C9}"
EndProject
Global
	GlobalSection(SolutionConfigurationPlatforms) = preSolution
		Debug|Any CPU = Debug|Any CPU
		Debug|x64 = Debug|x64
		Debug|x86 = Debug|x86
		Release|Any CPU = Release|Any CPU
		Release|x64 = Release|x64
		Release|x86 = Release|x86
	EndGlobalSection
	GlobalSection(ProjectConfigurationPlatforms) = postSolution
		{5CC42FAD-B7ED-4391-BDD1-01A9590EF486}.Debug|Any CPU.ActiveCfg = Debug|Any CPU
		{5CC42FAD-B7ED-4391-BDD1-01A9590EF486}.Debug|Any CPU.Build.0 = Debug|Any CPU
		{5CC42FAD-B7ED-4391-BDD1-01A9590EF486}.Debug|x64.ActiveCfg = Debug|Any CPU
		{5CC42FAD-B7ED-4391-BDD1-01A9590EF486}.Debug|x64.Build.0 = Debug|Any CPU
		{5CC42FAD-B7ED-4391-BDD1-01A9590EF486}.Debug|x86.ActiveCfg = Debug|Any CPU
		{5CC42FAD-B7ED-4391-BDD1-01A9590EF486}.Debug|x86.Build.0 = Debug|Any CPU
		{5CC42FAD-B7ED-4391-BDD1-01A9590EF486}.Release|Any CPU.ActiveCfg = Release|Any CPU
		{5CC42FAD-B7ED-4391-BDD1-01A9590EF486}.Release|Any CPU.Build.0 = Release|Any CPU
		{5CC42FAD-B7ED-4391-BDD1-01A9590EF486}.Release|x64.ActiveCfg = Release|Any CPU
		{5CC42FAD-B7ED-4391-BDD1-01A9590EF486}.Release|x64.Build.0 = Release|Any CPU
		{5CC42FAD-B7ED-4391-BDD1-01A9590EF486}.Release|x86.ActiveCfg = Release|Any CPU
		{5CC42FAD-B7ED-4391-BDD1-01A9590EF486}.Release|x86.Build.0 = Release|Any CPU
		{8F5555A4-478C-43BB-A203-960DE61105FD}.Debug|Any CPU.ActiveCfg = Debug|Any CPU
		{8F5555A4-478C-43BB-A203-960DE61105FD}.Debug|Any CPU.Build.0 = Debug|Any CPU
		{8F5555A4-478C-43BB-A203-960DE61105FD}.Debug|x64.ActiveCfg = Debug|Any CPU
		{8F5555A4-478C-43BB-A203-960DE61105FD}.Debug|x64.Build.0 = Debug|Any CPU
		{8F5555A4-478C-43BB-A203-960DE61105FD}.Debug|x86.ActiveCfg = Debug|Any CPU
		{8F5555A4-478C-43BB-A203-960DE61105FD}.Debug|x86.Build.0 = Debug|Any CPU
		{8F5555A4-478C-43BB-A203-960DE61105FD}.Release|Any CPU.ActiveCfg = Release|Any CPU
		{8F5555A4-478C-43BB-A203-960DE61105FD}.Release|Any CPU.Build.0 = Release|Any CPU
		{8F5555A4-478C-43BB-A203-960DE61105FD}.Release|x64.ActiveCfg = Release|Any CPU
		{8F5555A4-478C-43BB-A203-960DE61105FD}.Release|x64.Build.0 = Release|Any CPU
		{8F5555A4-478C-43BB-A203-960DE61105FD}.Release|x86.ActiveCfg = Release|Any CPU
		{8F5555A4-478C-43BB-A203-960DE61105FD}.Release|x86.Build.0 = Release|Any CPU
		{9948C891-F97A-4ACD-BE6A-1F8AE1B78C3A}.Debug|Any CPU.ActiveCfg = Debug|Any CPU
		{9948C891-F97A-4ACD-BE6A-1F8AE1B78C3A}.Debug|Any CPU.Build.0 = Debug|Any CPU
		{9948C891-F97A-4ACD-BE6A-1F8AE1B78C3A}.Debug|x64.ActiveCfg = Debug|Any CPU
		{9948C891-F97A-4ACD-BE6A-1F8AE1B78C3A}.Debug|x64.Build.0 = Debug|Any CPU
		{9948C891-F97A-4ACD-BE6A-1F8AE1B78C3A}.Debug|x86.ActiveCfg = Debug|Any CPU
		{9948C891-F97A-4ACD-BE6A-1F8AE1B78C3A}.Debug|x86.Build.0 = Debug|Any CPU
		{9948C891-F97A-4ACD-BE6A-1F8AE1B78C3A}.Release|Any CPU.ActiveCfg = Release|Any CPU
		{9948C891-F97A-4ACD-BE6A-1F8AE1B78C3A}.Release|Any CPU.Build.0 = Release|Any CPU
		{9948C891-F97A-4ACD-BE6A-1F8AE1B78C3A}.Release|x64.ActiveCfg = Release|Any CPU
		{9948C891-F97A-4ACD-BE6A-1F8AE1B78C3A}.Release|x64.Build.0 = Release|Any CPU
		{9948C891-F97A-4ACD-BE6A-1F8AE1B78C3A}.Release|x86.ActiveCfg = Release|Any CPU
		{9948C891-F97A-4ACD-BE6A-1F8AE1B78C3A}.Release|x86.Build.0 = Release|Any CPU
		{00F1E47B-4617-4454-9110-B06333763CA0}.Debug|Any CPU.ActiveCfg = Debug|Any CPU
		{00F1E47B-4617-4454-9110-B06333763CA0}.Debug|Any CPU.Build.0 = Debug|Any CPU
		{00F1E47B-4617-4454-9110-B06333763CA0}.Debug|x64.ActiveCfg = Debug|Any CPU
		{00F1E47B-4617-4454-9110-B06333763CA0}.Debug|x64.Build.0 = Debug|Any CPU
		{00F1E47B-4617-4454-9110-B06333763CA0}.Debug|x86.ActiveCfg = Debug|Any CPU
		{00F1E47B-4617-4454-9110-B06333763CA0}.Debug|x86.Build.0 = Debug|Any CPU
		{00F1E47B-4617-4454-9110-B06333763CA0}.Release|Any CPU.ActiveCfg = Release|Any CPU
		{00F1E47B-4617-4454-9110-B06333763CA0}.Release|Any CPU.Build.0 = Release|Any CPU
		{00F1E47B-4617-4454-9110-B06333763CA0}.Release|x64.ActiveCfg = Release|Any CPU
		{00F1E47B-4617-4454-9110-B06333763CA0}.Release|x64.Build.0 = Release|Any CPU
		{00F1E47B-4617-4454-9110-B06333763CA0}.Release|x86.ActiveCfg = Release|Any CPU
		{00F1E47B-4617-4454-9110-B06333763CA0}.Release|x86.Build.0 = Release|Any CPU
		{75B03CD7-13AF-48B6-86C4-A25DAA6183C9}.Debug|Any CPU.ActiveCfg = Debug|Any CPU
		{75B03CD7-13AF-48B6-86C4-A25DAA6183C9}.Debug|Any CPU.Build.0 = Debug|Any CPU
		{75B03CD7-13AF-48B6-86C4-A25DAA6183C9}.Debug|x64.ActiveCfg = Debug|Any CPU
		{75B03CD7-13AF-48B6-86C4-A25DAA6183C9}.Debug|x64.Build.0 = Debug|Any CPU
		{75B03CD7-13AF-48B6-86C4-A25DAA6183C9}.Debug|x86.ActiveCfg = Debug|Any CPU
		{75B03CD7-13AF-48B6-86C4-A25DAA6183C9}.Debug|x86.Build.0 = Debug|Any CPU
		{75B03CD7-13AF-48B6-86C4-A25DAA6183C9}.Release|Any CPU.ActiveCfg = Release|Any CPU
		{75B03CD7-13AF-48B6-86C4-A25DAA6183C9}.Release|Any CPU.Build.0 = Release|Any CPU
		{75B03CD7-13AF-48B6-86C4-A25DAA6183C9}.Release|x64.ActiveCfg = Release|Any CPU
		{75B03CD7-13AF-48B6-86C4-A25DAA6183C9}.Release|x64.Build.0 = Release|Any CPU
		{75B03CD7-13AF-48B6-86C4-A25DAA6183C9}.Release|x86.ActiveCfg = Release|Any CPU
		{75B03CD7-13AF-48B6-86C4-A25DAA6183C9}.Release|x86.Build.0 = Release|Any CPU
	EndGlobalSection
	GlobalSection(SolutionProperties) = preSolution
		HideSolutionNode = FALSE
	EndGlobalSection
	GlobalSection(NestedProjects) = preSolution
		{5CC42FAD-B7ED-4391-BDD1-01A9590EF486} = {827E0CD3-B72D-47B6-A68D-7590B98EB39B}
		{8F5555A4-478C-43BB-A203-960DE61105FD} = {827E0CD3-B72D-47B6-A68D-7590B98EB39B}
		{9948C891-F97A-4ACD-BE6A-1F8AE1B78C3A} = {0AB3BF05-4346-4AA6-1389-037BE0695223}
		{00F1E47B-4617-4454-9110-B06333763CA0} = {0AB3BF05-4346-4AA6-1389-037BE0695223}
		{75B03CD7-13AF-48B6-86C4-A25DAA6183C9} = {0AB3BF05-4346-4AA6-1389-037BE0695223}
	EndGlobalSection
EndGlobal
